
Microsoft Visual Studio Solution File, Format Version 12.00
# Visual Studio 2012
Project("{FAE04EC0-301F-11D3-BF4B-00C04F79EFBC}") = "ydeliver-windows-service", "ydeliver-windows-service\ydeliver-windows-service.csproj", "{5A080E2A-8DFC-4C2D-8714-30F60D86DEE6}"
EndProject
Global
	GlobalSection(SolutionConfigurationPlatforms) = preSolution
		Debug|Any CPU = Debug|Any CPU
		Release|Any CPU = Release|Any CPU
	EndGlobalSection
	GlobalSection(ProjectConfigurationPlatforms) = postSolution
		{5A080E2A-8DFC-4C2D-8714-30F60D86DEE6}.Debug|Any CPU.ActiveCfg = Debug|Any CPU
		{5A080E2A-8DFC-4C2D-8714-30F60D86DEE6}.Debug|Any CPU.Build.0 = Debug|Any CPU
		{5A080E2A-8DFC-4C2D-8714-30F60D86DEE6}.Release|Any CPU.ActiveCfg = Release|Any CPU
		{5A080E2A-8DFC-4C2D-8714-30F60D86DEE6}.Release|Any CPU.Build.0 = Release|Any CPU
	EndGlobalSection
	GlobalSection(SolutionProperties) = preSolution
		HideSolutionNode = FALSE
	EndGlobalSection
EndGlobal
